
Microsoft Visual Studio Solution File, Format Version 12.00
# Visual Studio Version 16
VisualStudioVersion = 16.0.28922.388
MinimumVisualStudioVersion = 10.0.40219.1
Project("{FAE04EC0-301F-11D3-BF4B-00C04F79EFBC}") = "Assign4PizzaOrder", "Assign4PizzaOrder\Assign4PizzaOrder.csproj", "{EA598B49-887B-41E2-9A18-60E08590296B}"
EndProject
Global
	GlobalSection(SolutionConfigurationPlatforms) = preSolution
		Debug|Any CPU = Debug|Any CPU
		Release|Any CPU = Release|Any CPU
	EndGlobalSection
	GlobalSection(ProjectConfigurationPlatforms) = postSolution
		{EA598B49-887B-41E2-9A18-60E08590296B}.Debug|Any CPU.ActiveCfg = Debug|Any CPU
		{EA598B49-887B-41E2-9A18-60E08590296B}.Debug|Any CPU.Build.0 = Debug|Any CPU
		{EA598B49-887B-41E2-9A18-60E08590296B}.Release|Any CPU.ActiveCfg = Release|Any CPU
		{EA598B49-887B-41E2-9A18-60E08590296B}.Release|Any CPU.Build.0 = Release|Any CPU
	EndGlobalSection
	GlobalSection(SolutionProperties) = preSolution
		HideSolutionNode = FALSE
	EndGlobalSection
	GlobalSection(ExtensibilityGlobals) = postSolution
		SolutionGuid = {1DAD8B52-CAAC-4BC6-A46C-F93EF6E9F931}
	EndGlobalSection
EndGlobal
